
Microsoft Visual Studio Solution File, Format Version 12.00
# Visual Studio Version 17
VisualStudioVersion = 17.13.35825.156 d17.13
MinimumVisualStudioVersion = 10.0.40219.1
Project("{FAE04EC0-301F-11D3-BF4B-00C04F79EFBC}") = "PomodoroApp", "PomodoroApp\PomodoroApp.csproj", "{3787C31C-510C-4806-881C-0673DE606886}"
EndProject
Global
	GlobalSection(SolutionConfigurationPlatforms) = preSolution
		Debug|Any CPU = Debug|Any CPU
		Release|Any CPU = Release|Any CPU
	EndGlobalSection
	GlobalSection(ProjectConfigurationPlatforms) = postSolution
		{3787C31C-510C-4806-881C-0673DE606886}.Debug|Any CPU.ActiveCfg = Debug|Any CPU
		{3787C31C-510C-4806-881C-0673DE606886}.Debug|Any CPU.Build.0 = Debug|Any CPU
		{3787C31C-510C-4806-881C-0673DE606886}.Release|Any CPU.ActiveCfg = Release|Any CPU
		{3787C31C-510C-4806-881C-0673DE606886}.Release|Any CPU.Build.0 = Release|Any CPU
	EndGlobalSection
	GlobalSection(SolutionProperties) = preSolution
		HideSolutionNode = FALSE
	EndGlobalSection
	GlobalSection(ExtensibilityGlobals) = postSolution
		SolutionGuid = {3D821416-25A8-461A-B4FB-0EC622DA6F04}
	EndGlobalSection
EndGlobal
